// !$*UTF8*$!
{
	archiveVersion = 1;
	classes = {
	};
	objectVersion = 48;
	objects = {

/* Begin PBXBuildFile section */
		F58679E221C36387002173B5 /* Model.swift in Sources */ = {isa = PBXBuildFile; fileRef = F58679E121C36387002173B5 /* Model.swift */; };
		F58679E421C36428002173B5 /* ViewModel.swift in Sources */ = {isa = PBXBuildFile; fileRef = F58679E321C36428002173B5 /* ViewModel.swift */; };
		F58679E821C3A505002173B5 /* DRHNameAndPictureCell.swift in Sources */ = {isa = PBXBuildFile; fileRef = F58679E621C3A505002173B5 /* DRHNameAndPictureCell.swift */; };
		F58679E921C3A505002173B5 /* DRHNameAndPictureCell.xib in Resources */ = {isa = PBXBuildFile; fileRef = F58679E721C3A505002173B5 /* DRHNameAndPictureCell.xib */; };
		F58679EC21C3A659002173B5 /* EmailAndAboutCell.swift in Sources */ = {isa = PBXBuildFile; fileRef = F58679EA21C3A659002173B5 /* EmailAndAboutCell.swift */; };
		F58679ED21C3A659002173B5 /* EmailAndAboutCell.xib in Resources */ = {isa = PBXBuildFile; fileRef = F58679EB21C3A659002173B5 /* EmailAndAboutCell.xib */; };
		F58679F021C3A755002173B5 /* AttributeCell.swift in Sources */ = {isa = PBXBuildFile; fileRef = F58679EE21C3A755002173B5 /* AttributeCell.swift */; };
		F58679F121C3A755002173B5 /* AttributeCell.xib in Resources */ = {isa = PBXBuildFile; fileRef = F58679EF21C3A755002173B5 /* AttributeCell.xib */; };
		F5CF4D7821C3515D00D9A168 /* AppDelegate.swift in Sources */ = {isa = PBXBuildFile; fileRef = F5CF4D7721C3515D00D9A168 /* AppDelegate.swift */; };
		F5CF4D7A21C3515D00D9A168 /* ViewController.swift in Sources */ = {isa = PBXBuildFile; fileRef = F5CF4D7921C3515D00D9A168 /* ViewController.swift */; };
		F5CF4D7D21C3515D00D9A168 /* Main.storyboard in Resources */ = {isa = PBXBuildFile; fileRef = F5CF4D7B21C3515D00D9A168 /* Main.storyboard */; };
		F5CF4D7F21C3515D00D9A168 /* Assets.xcassets in Resources */ = {isa = PBXBuildFile; fileRef = F5CF4D7E21C3515D00D9A168 /* Assets.xcassets */; };
		F5CF4D8221C3515D00D9A168 /* LaunchScreen.storyboard in Resources */ = {isa = PBXBuildFile; fileRef = F5CF4D8021C3515D00D9A168 /* LaunchScreen.storyboard */; };
		F5CF4D8A21C3549200D9A168 /* ServerData.json in Resources */ = {isa = PBXBuildFile; fileRef = F5CF4D8921C3549200D9A168 /* ServerData.json */; };
/* End PBXBuildFile section */

/* Begin PBXFileReference section */
		F58679E121C36387002173B5 /* Model.swift */ = {isa = PBXFileReference; lastKnownFileType = sourcecode.swift; path = Model.swift; sourceTree = "<group>"; };
		F58679E321C36428002173B5 /* ViewModel.swift */ = {isa = PBXFileReference; lastKnownFileType = sourcecode.swift; path = ViewModel.swift; sourceTree = "<group>"; };
		F58679E621C3A505002173B5 /* DRHNameAndPictureCell.swift */ = {isa = PBXFileReference; lastKnownFileType = sourcecode.swift; path = DRHNameAndPictureCell.swift; sourceTree = "<group>"; };
		F58679E721C3A505002173B5 /* DRHNameAndPictureCell.xib */ = {isa = PBXFileReference; lastKnownFileType = file.xib; path = DRHNameAndPictureCell.xib; sourceTree = "<group>"; };
		F58679EA21C3A659002173B5 /* EmailAndAboutCell.swift */ = {isa = PBXFileReference; lastKnownFileType = sourcecode.swift; path = EmailAndAboutCell.swift; sourceTree = "<group>"; };
		F58679EB21C3A659002173B5 /* EmailAndAboutCell.xib */ = {isa = PBXFileReference; lastKnownFileType = file.xib; path = EmailAndAboutCell.xib; sourceTree = "<group>"; };
		F58679EE21C3A755002173B5 /* AttributeCell.swift */ = {isa = PBXFileReference; lastKnownFileType = sourcecode.swift; path = AttributeCell.swift; sourceTree = "<group>"; };
		F58679EF21C3A755002173B5 /* AttributeCell.xib */ = {isa = PBXFileReference; lastKnownFileType = file.xib; path = AttributeCell.xib; sourceTree = "<group>"; };
		F5CF4D7421C3515D00D9A168 /* tableViewMultipleCellType.app */ = {isa = PBXFileReference; explicitFileType = wrapper.application; includeInIndex = 0; path = tableViewMultipleCellType.app; sourceTree = BUILT_PRODUCTS_DIR; };
		F5CF4D7721C3515D00D9A168 /* AppDelegate.swift */ = {isa = PBXFileReference; lastKnownFileType = sourcecode.swift; path = AppDelegate.swift; sourceTree = "<group>"; };
		F5CF4D7921C3515D00D9A168 /* ViewController.swift */ = {isa = PBXFileReference; lastKnownFileType = sourcecode.swift; path = ViewController.swift; sourceTree = "<group>"; };
		F5CF4D7C21C3515D00D9A168 /* Base */ = {isa = PBXFileReference; lastKnownFileType = file.storyboard; name = Base; path = Base.lproj/Main.storyboard; sourceTree = "<group>"; };
		F5CF4D7E21C3515D00D9A168 /* Assets.xcassets */ = {isa = PBXFileReference; lastKnownFileType = folder.assetcatalog; path = Assets.xcassets; sourceTree = "<group>"; };
		F5CF4D8121C3515D00D9A168 /* Base */ = {isa = PBXFileReference; lastKnownFileType = file.storyboard; name = Base; path = Base.lproj/LaunchScreen.storyboard; sourceTree = "<group>"; };
		F5CF4D8321C3515D00D9A168 /* Info.plist */ = {isa = PBXFileReference; lastKnownFileType = text.plist.xml; path = Info.plist; sourceTree = "<group>"; };
		F5CF4D8921C3549200D9A168 /* ServerData.json */ = {isa = PBXFileReference; fileEncoding = 4; lastKnownFileType = text.json; path = ServerData.json; sourceTree = "<group>"; };
/* End PBXFileReference section */

/* Begin PBXFrameworksBuildPhase section */
		F5CF4D7121C3515D00D9A168 /* Frameworks */ = {
			isa = PBXFrameworksBuildPhase;
			buildActionMask = 2147483647;
			files = (
			);
			runOnlyForDeploymentPostprocessing = 0;
		};
/* End PBXFrameworksBuildPhase section */

/* Begin PBXGroup section */
		F58679E521C3A4CB002173B5 /* Cell */ = {
			isa = PBXGroup;
			children = (
				F58679E621C3A505002173B5 /* DRHNameAndPictureCell.swift */,
				F58679E721C3A505002173B5 /* DRHNameAndPictureCell.xib */,
				F58679EA21C3A659002173B5 /* EmailAndAboutCell.swift */,
				F58679EB21C3A659002173B5 /* EmailAndAboutCell.xib */,
				F58679EE21C3A755002173B5 /* AttributeCell.swift */,
				F58679EF21C3A755002173B5 /* AttributeCell.xib */,
			);
			path = Cell;
			sourceTree = "<group>";
		};
		F5CF4D6B21C3515D00D9A168 = {
			isa = PBXGroup;
			children = (
				F5CF4D7621C3515D00D9A168 /* tableViewMultipleCellType */,
				F5CF4D7521C3515D00D9A168 /* Products */,
			);
			sourceTree = "<group>";
		};
		F5CF4D7521C3515D00D9A168 /* Products */ = {
			isa = PBXGroup;
			children = (
				F5CF4D7421C3515D00D9A168 /* tableViewMultipleCellType.app */,
			);
			name = Products;
			sourceTree = "<group>";
		};
		F5CF4D7621C3515D00D9A168 /* tableViewMultipleCellType */ = {
			isa = PBXGroup;
			children = (
				F5CF4D7721C3515D00D9A168 /* AppDelegate.swift */,
				F5CF4D7921C3515D00D9A168 /* ViewController.swift */,
				F58679E121C36387002173B5 /* Model.swift */,
				F58679E321C36428002173B5 /* ViewModel.swift */,
				F58679E521C3A4CB002173B5 /* Cell */,
				F5CF4D7B21C3515D00D9A168 /* Main.storyboard */,
				F5CF4D7E21C3515D00D9A168 /* Assets.xcassets */,
				F5CF4D8021C3515D00D9A168 /* LaunchScreen.storyboard */,
				F5CF4D8321C3515D00D9A168 /* Info.plist */,
				F5CF4D8921C3549200D9A168 /* ServerData.json */,
			);
			path = tableViewMultipleCellType;
			sourceTree = "<group>";
		};
/* End PBXGroup section */

/* Begin PBXNativeTarget section */
		F5CF4D7321C3515D00D9A168 /* tableViewMultipleCellType */ = {
			isa = PBXNativeTarget;
			buildConfigurationList = F5CF4D8621C3515D00D9A168 /* Build configuration list for PBXNativeTarget "tableViewMultipleCellType" */;
			buildPhases = (
				F5CF4D7021C3515D00D9A168 /* Sources */,
				F5CF4D7121C3515D00D9A168 /* Frameworks */,
				F5CF4D7221C3515D00D9A168 /* Resources */,
			);
			buildRules = (
			);
			dependencies = (
			);
			name = tableViewMultipleCellType;
			productName = tableViewMultipleCellType;
			productReference = F5CF4D7421C3515D00D9A168 /* tableViewMultipleCellType.app */;
			productType = "com.apple.product-type.application";
		};
/* End PBXNativeTarget section */

/* Begin PBXProject section */
		F5CF4D6C21C3515D00D9A168 /* Project object */ = {
			isa = PBXProject;
			attributes = {
				LastSwiftUpdateCheck = 0920;
				LastUpgradeCheck = 0920;
				ORGANIZATIONNAME = "trinhquocmanh-mac 10.12";
				TargetAttributes = {
					F5CF4D7321C3515D00D9A168 = {
						CreatedOnToolsVersion = 9.2;
						ProvisioningStyle = Automatic;
					};
				};
			};
			buildConfigurationList = F5CF4D6F21C3515D00D9A168 /* Build configuration list for PBXProject "tableViewMultipleCellType" */;
			compatibilityVersion = "Xcode 8.0";
			developmentRegion = en;
			hasScannedForEncodings = 0;
			knownRegions = (
				en,
				Base,
			);
			mainGroup = F5CF4D6B21C3515D00D9A168;
			productRefGroup = F5CF4D7521C3515D00D9A168 /* Products */;
			projectDirPath = "";
			projectRoot = "";
			targets = (
				F5CF4D7321C3515D00D9A168 /* tableViewMultipleCellType */,
			);
		};
/* End PBXProject section */

/* Begin PBXResourcesBuildPhase section */
		F5CF4D7221C3515D00D9A168 /* Resources */ = {
			isa = PBXResourcesBuildPhase;
			buildActionMask = 2147483647;
			files = (
				F5CF4D8A21C3549200D9A168 /* ServerData.json in Resources */,
				F5CF4D8221C3515D00D9A168 /* LaunchScreen.storyboard in Resources */,
				F58679F121C3A755002173B5 /* AttributeCell.xib in Resources */,
				F5CF4D7F21C3515D00D9A168 /* Assets.xcassets in Resources */,
				F5CF4D7D21C3515D00D9A168 /* Main.storyboard in Resources */,
				F58679ED21C3A659002173B5 /* EmailAndAboutCell.xib in Resources */,
				F58679E921C3A505002173B5 /* DRHNameAndPictureCell.xib in Resources */,
			);
			runOnlyForDeploymentPostprocessing = 0;
		};
/* End PBXResourcesBuildPhase section */

/* Begin PBXSourcesBuildPhase section */
		F5CF4D7021C3515D00D9A168 /* Sources */ = {
			isa = PBXSourcesBuildPhase;
			buildActionMask = 2147483647;
			files = (
				F5CF4D7A21C3515D00D9A168 /* ViewController.swift in Sources */,
				F5CF4D7821C3515D00D9A168 /* AppDelegate.swift in Sources */,
				F58679E421C36428002173B5 /* ViewModel.swift in Sources */,
				F58679E221C36387002173B5 /* Model.swift in Sources */,
				F58679EC21C3A659002173B5 /* EmailAndAboutCell.swift in Sources */,
				F58679F021C3A755002173B5 /* AttributeCell.swift in Sources */,
				F58679E821C3A505002173B5 /* DRHNameAndPictureCell.swift in Sources */,
			);
			runOnlyForDeploymentPostprocessing = 0;
		};
/* End PBXSourcesBuildPhase section */

/* Begin PBXVariantGroup section */
		F5CF4D7B21C3515D00D9A168 /* Main.storyboard */ = {
			isa = PBXVariantGroup;
			children = (
				F5CF4D7C21C3515D00D9A168 /* Base */,
			);
			name = Main.storyboard;
			sourceTree = "<group>";
		};
		F5CF4D8021C3515D00D9A168 /* LaunchScreen.storyboard */ = {
			isa = PBXVariantGroup;
			children = (
				F5CF4D8121C3515D00D9A168 /* Base */,
			);
			name = LaunchScreen.storyboard;
			sourceTree = "<group>";
		};
/* End PBXVariantGroup section */

/* Begin XCBuildConfiguration section */
		F5CF4D8421C3515D00D9A168 /* Debug */ = {
			isa = XCBuildConfiguration;
			buildSettings = {
				ALWAYS_SEARCH_USER_PATHS = NO;
				CLANG_ANALYZER_NONNULL = YES;
				CLANG_ANALYZER_NUMBER_OBJECT_CONVERSION = YES_AGGRESSIVE;
				CLANG_CXX_LANGUAGE_STANDARD = "gnu++14";
				CLANG_CXX_LIBRARY = "libc++";
				CLANG_ENABLE_MODULES = YES;
				CLANG_ENABLE_OBJC_ARC = YES;
				CLANG_WARN_BLOCK_CAPTURE_AUTORELEASING = YES;
				CLANG_WARN_BOOL_CONVERSION = YES;
				CLANG_WARN_COMMA = YES;
				CLANG_WARN_CONSTANT_CONVERSION = YES;
				CLANG_WARN_DIRECT_OBJC_ISA_USAGE = YES_ERROR;
				CLANG_WARN_DOCUMENTATION_COMMENTS = YES;
				CLANG_WARN_EMPTY_BODY = YES;
				CLANG_WARN_ENUM_CONVERSION = YES;
				CLANG_WARN_INFINITE_RECURSION = YES;
				CLANG_WARN_INT_CONVERSION = YES;
				CLANG_WARN_NON_LITERAL_NULL_CONVERSION = YES;
				CLANG_WARN_OBJC_LITERAL_CONVERSION = YES;
				CLANG_WARN_OBJC_ROOT_CLASS = YES_ERROR;
				CLANG_WARN_RANGE_LOOP_ANALYSIS = YES;
				CLANG_WARN_STRICT_PROTOTYPES = YES;
				CLANG_WARN_SUSPICIOUS_MOVE = YES;
				CLANG_WARN_UNGUARDED_AVAILABILITY = YES_AGGRESSIVE;
				CLANG_WARN_UNREACHABLE_CODE = YES;
				CLANG_WARN__DUPLICATE_METHOD_MATCH = YES;
				CODE_SIGN_IDENTITY = "iPhone Developer";
				COPY_PHASE_STRIP = NO;
				DEBUG_INFORMATION_FORMAT = dwarf;
				ENABLE_STRICT_OBJC_MSGSEND = YES;
				ENABLE_TESTABILITY = YES;
				GCC_C_LANGUAGE_STANDARD = gnu11;
				GCC_DYNAMIC_NO_PIC = NO;
				GCC_NO_COMMON_BLOCKS = YES;
				GCC_OPTIMIZATION_LEVEL = 0;
				GCC_PREPROCESSOR_DEFINITIONS = (
					"DEBUG=1",
					"$(inherited)",
				);
				GCC_WARN_64_TO_32_BIT_CONVERSION = YES;
				GCC_WARN_ABOUT_RETURN_TYPE = YES_ERROR;
				GCC_WARN_UNDECLARED_SELECTOR = YES;
				GCC_WARN_UNINITIALIZED_AUTOS = YES_AGGRESSIVE;
				GCC_WARN_UNUSED_FUNCTION = YES;
				GCC_WARN_UNUSED_VARIABLE = YES;
				IPHONEOS_DEPLOYMENT_TARGET = 11.2;
				MTL_ENABLE_DEBUG_INFO = YES;
				ONLY_ACTIVE_ARCH = YES;
				SDKROOT = iphoneos;
				SWIFT_ACTIVE_COMPILATION_CONDITIONS = DEBUG;
				SWIFT_OPTIMIZATION_LEVEL = "-Onone";
			};
			name = Debug;
		};
		F5CF4D8521C3515D00D9A168 /* Release */ = {
			isa = XCBuildConfiguration;
			buildSettings = {
				ALWAYS_SEARCH_USER_PATHS = NO;
				CLANG_ANALYZER_NONNULL = YES;
				CLANG_ANALYZER_NUMBER_OBJECT_CONVERSION = YES_AGGRESSIVE;
				CLANG_CXX_LANGUAGE_STANDARD = "gnu++14";
				CLANG_CXX_LIBRARY = "libc++";
				CLANG_ENABLE_MODULES = YES;
				CLANG_ENABLE_OBJC_ARC = YES;
				CLANG_WARN_BLOCK_CAPTURE_AUTORELEASING = YES;
				CLANG_WARN_BOOL_CONVERSION = YES;
				CLANG_WARN_COMMA = YES;
				CLANG_WARN_CONSTANT_CONVERSION = YES;
				CLANG_WARN_DIRECT_OBJC_ISA_USAGE = YES_ERROR;
				CLANG_WARN_DOCUMENTATION_COMMENTS = YES;
				CLANG_WARN_EMPTY_BODY = YES;
				CLANG_WARN_ENUM_CONVERSION = YES;
				CLANG_WARN_INFINITE_RECURSION = YES;
				CLANG_WARN_INT_CONVERSION = YES;
				CLANG_WARN_NON_LITERAL_NULL_CONVERSION = YES;
				CLANG_WARN_OBJC_LITERAL_CONVERSION = YES;
				CLANG_WARN_OBJC_ROOT_CLASS = YES_ERROR;
				CLANG_WARN_RANGE_LOOP_ANALYSIS = YES;
				CLANG_WARN_STRICT_PROTOTYPES = YES;
				CLANG_WARN_SUSPICIOUS_MOVE = YES;
				CLANG_WARN_UNGUARDED_AVAILABILITY = YES_AGGRESSIVE;
				CLANG_WARN_UNREACHABLE_CODE = YES;
				CLANG_WARN__DUPLICATE_METHOD_MATCH = YES;
				CODE_SIGN_IDENTITY = "iPhone Developer";
				COPY_PHASE_STRIP = NO;
				DEBUG_INFORMATION_FORMAT = "dwarf-with-dsym";
				ENABLE_NS_ASSERTIONS = NO;
				ENABLE_STRICT_OBJC_MSGSEND = YES;
				GCC_C_LANGUAGE_STANDARD = gnu11;
				GCC_NO_COMMON_BLOCKS = YES;
				GCC_WARN_64_TO_32_BIT_CONVERSION = YES;
				GCC_WARN_ABOUT_RETURN_TYPE = YES_ERROR;
				GCC_WARN_UNDECLARED_SELECTOR = YES;
				GCC_WARN_UNINITIALIZED_AUTOS = YES_AGGRESSIVE;
				GCC_WARN_UNUSED_FUNCTION = YES;
				GCC_WARN_UNUSED_VARIABLE = YES;
				IPHONEOS_DEPLOYMENT_TARGET = 11.2;
				MTL_ENABLE_DEBUG_INFO = NO;
				SDKROOT = iphoneos;
				SWIFT_OPTIMIZATION_LEVEL = "-Owholemodule";
				VALIDATE_PRODUCT = YES;
			};
			name = Release;
		};
		F5CF4D8721C3515D00D9A168 /* Debug */ = {
			isa = XCBuildConfiguration;
			buildSettings = {
				ASSETCATALOG_COMPILER_APPICON_NAME = AppIcon;
				CODE_SIGN_STYLE = Automatic;
				DEVELOPMENT_TEAM = C9LSA335WJ;
				INFOPLIST_FILE = tableViewMultipleCellType/Info.plist;
				LD_RUNPATH_SEARCH_PATHS = "$(inherited) @executable_path/Frameworks";
				PRODUCT_BUNDLE_IDENTIFIER = JustForFun.tableViewMultipleCellType;
				PRODUCT_NAME = "$(TARGET_NAME)";
				SWIFT_VERSION = 4.0;
				TARGETED_DEVICE_FAMILY = "1,2";
			};
			name = Debug;
		};
		F5CF4D8821C3515D00D9A168 /* Release */ = {
			isa = XCBuildConfiguration;
			buildSettings = {
				ASSETCATALOG_COMPILER_APPICON_NAME = AppIcon;
				CODE_SIGN_STYLE = Automatic;
				DEVELOPMENT_TEAM = C9LSA335WJ;
				INFOPLIST_FILE = tableViewMultipleCellType/Info.plist;
				LD_RUNPATH_SEARCH_PATHS = "$(inherited) @executable_path/Frameworks";
				PRODUCT_BUNDLE_IDENTIFIER = JustForFun.tableViewMultipleCellType;
				PRODUCT_NAME = "$(TARGET_NAME)";
				SWIFT_VERSION = 4.0;
				TARGETED_DEVICE_FAMILY = "1,2";
			};
			name = Release;
		};
/* End XCBuildConfiguration section */

/* Begin XCConfigurationList section */
		F5CF4D6F21C3515D00D9A168 /* Build configuration list for PBXProject "tableViewMultipleCellType" */ = {
			isa = XCConfigurationList;
			buildConfigurations = (
				F5CF4D8421C3515D00D9A168 /* Debug */,
				F5CF4D8521C3515D00D9A168 /* Release */,
			);
			defaultConfigurationIsVisible = 0;
			defaultConfigurationName = Release;
		};
		F5CF4D8621C3515D00D9A168 /* Build configuration list for PBXNativeTarget "tableViewMultipleCellType" */ = {
			isa = XCConfigurationList;
			buildConfigurations = (
				F5CF4D8721C3515D00D9A168 /* Debug */,
				F5CF4D8821C3515D00D9A168 /* Release */,
			);
			defaultConfigurationIsVisible = 0;
			defaultConfigurationName = Release;
		};
/* End XCConfigurationList section */
	};
	rootObject = F5CF4D6C21C3515D00D9A168 /* Project object */;
}
